// !$*UTF8*$!
{
	archiveVersion = 1;
	classes = {
	};
	objectVersion = 46;
	objects = {

/* Begin PBXBuildFile section */
		1BACF7DC1EE1E36E005FB225 /* AppDelegate.swift in Sources */ = {isa = PBXBuildFile; fileRef = 1BACF7DB1EE1E36E005FB225 /* AppDelegate.swift */; };
		1BACF7DE1EE1E36E005FB225 /* ViewController.swift in Sources */ = {isa = PBXBuildFile; fileRef = 1BACF7DD1EE1E36E005FB225 /* ViewController.swift */; };
		1BACF7E31EE1E36E005FB225 /* Assets.xcassets in Resources */ = {isa = PBXBuildFile; fileRef = 1BACF7E21EE1E36E005FB225 /* Assets.xcassets */; };
		1BACF7F11EE1E36E005FB225 /* SRSSuperMemo2Tests.swift in Sources */ = {isa = PBXBuildFile; fileRef = 1BACF7F01EE1E36E005FB225 /* SRSSuperMemo2Tests.swift */; };
		1BACF7FC1EE1E505005FB225 /* SM2Engine.swift in Sources */ = {isa = PBXBuildFile; fileRef = 1BACF7FB1EE1E505005FB225 /* SM2Engine.swift */; };
		1BACF7FE1EE1E5CC005FB225 /* SRSItemProtocol.swift in Sources */ = {isa = PBXBuildFile; fileRef = 1BACF7FD1EE1E5CC005FB225 /* SRSItemProtocol.swift */; };
		1BACF8011EE1E6C7005FB225 /* SRSItem.swift in Sources */ = {isa = PBXBuildFile; fileRef = 1BACF8001EE1E6C7005FB225 /* SRSItem.swift */; };
		1BACF8031EE1F94E005FB225 /* SRSSuperMemo2EasinessFactorTests.swift in Sources */ = {isa = PBXBuildFile; fileRef = 1BACF8021EE1F94E005FB225 /* SRSSuperMemo2EasinessFactorTests.swift */; };
		1BACF8051EE1F963005FB225 /* SRSSuperMemo2RepetitionTests.swift in Sources */ = {isa = PBXBuildFile; fileRef = 1BACF8041EE1F963005FB225 /* SRSSuperMemo2RepetitionTests.swift */; };
		1BACF8071EE1F96E005FB225 /* SRSSuperMemo2IntervalTests.swift in Sources */ = {isa = PBXBuildFile; fileRef = 1BACF8061EE1F96E005FB225 /* SRSSuperMemo2IntervalTests.swift */; };
		1BACF8121EE2A8A2005FB225 /* SRSGrade.swift in Sources */ = {isa = PBXBuildFile; fileRef = 1BACF8111EE2A8A2005FB225 /* SRSGrade.swift */; };
/* End PBXBuildFile section */

/* Begin PBXContainerItemProxy section */
		1BACF7ED1EE1E36E005FB225 /* PBXContainerItemProxy */ = {
			isa = PBXContainerItemProxy;
			containerPortal = 1BACF7D01EE1E36E005FB225 /* Project object */;
			proxyType = 1;
			remoteGlobalIDString = 1BACF7D71EE1E36E005FB225;
			remoteInfo = SRSSuperMemo2;
		};
/* End PBXContainerItemProxy section */

/* Begin PBXFileReference section */
		1BACF7D81EE1E36E005FB225 /* SRSSuperMemo2.app */ = {isa = PBXFileReference; explicitFileType = wrapper.application; includeInIndex = 0; path = SRSSuperMemo2.app; sourceTree = BUILT_PRODUCTS_DIR; };
		1BACF7DB1EE1E36E005FB225 /* AppDelegate.swift */ = {isa = PBXFileReference; lastKnownFileType = sourcecode.swift; path = AppDelegate.swift; sourceTree = "<group>"; };
		1BACF7DD1EE1E36E005FB225 /* ViewController.swift */ = {isa = PBXFileReference; lastKnownFileType = sourcecode.swift; path = ViewController.swift; sourceTree = "<group>"; };
		1BACF7E21EE1E36E005FB225 /* Assets.xcassets */ = {isa = PBXFileReference; lastKnownFileType = folder.assetcatalog; path = Assets.xcassets; sourceTree = "<group>"; };
		1BACF7E71EE1E36E005FB225 /* Info.plist */ = {isa = PBXFileReference; lastKnownFileType = text.plist.xml; path = Info.plist; sourceTree = "<group>"; };
		1BACF7EC1EE1E36E005FB225 /* SRSSuperMemo2Tests.xctest */ = {isa = PBXFileReference; explicitFileType = wrapper.cfbundle; includeInIndex = 0; path = SRSSuperMemo2Tests.xctest; sourceTree = BUILT_PRODUCTS_DIR; };
		1BACF7F01EE1E36E005FB225 /* SRSSuperMemo2Tests.swift */ = {isa = PBXFileReference; lastKnownFileType = sourcecode.swift; path = SRSSuperMemo2Tests.swift; sourceTree = "<group>"; };
		1BACF7F21EE1E36E005FB225 /* Info.plist */ = {isa = PBXFileReference; lastKnownFileType = text.plist.xml; path = Info.plist; sourceTree = "<group>"; };
		1BACF7FB1EE1E505005FB225 /* SM2Engine.swift */ = {isa = PBXFileReference; fileEncoding = 4; lastKnownFileType = sourcecode.swift; path = SM2Engine.swift; sourceTree = "<group>"; };
		1BACF7FD1EE1E5CC005FB225 /* SRSItemProtocol.swift */ = {isa = PBXFileReference; fileEncoding = 4; lastKnownFileType = sourcecode.swift; path = SRSItemProtocol.swift; sourceTree = "<group>"; };
		1BACF8001EE1E6C7005FB225 /* SRSItem.swift */ = {isa = PBXFileReference; fileEncoding = 4; lastKnownFileType = sourcecode.swift; path = SRSItem.swift; sourceTree = "<group>"; };
		1BACF8021EE1F94E005FB225 /* SRSSuperMemo2EasinessFactorTests.swift */ = {isa = PBXFileReference; fileEncoding = 4; lastKnownFileType = sourcecode.swift; path = SRSSuperMemo2EasinessFactorTests.swift; sourceTree = "<group>"; };
		1BACF8041EE1F963005FB225 /* SRSSuperMemo2RepetitionTests.swift */ = {isa = PBXFileReference; fileEncoding = 4; lastKnownFileType = sourcecode.swift; path = SRSSuperMemo2RepetitionTests.swift; sourceTree = "<group>"; };
		1BACF8061EE1F96E005FB225 /* SRSSuperMemo2IntervalTests.swift */ = {isa = PBXFileReference; fileEncoding = 4; lastKnownFileType = sourcecode.swift; path = SRSSuperMemo2IntervalTests.swift; sourceTree = "<group>"; };
		1BACF8111EE2A8A2005FB225 /* SRSGrade.swift */ = {isa = PBXFileReference; fileEncoding = 4; lastKnownFileType = sourcecode.swift; path = SRSGrade.swift; sourceTree = "<group>"; };
/* End PBXFileReference section */

/* Begin PBXFrameworksBuildPhase section */
		1BACF7D51EE1E36E005FB225 /* Frameworks */ = {
			isa = PBXFrameworksBuildPhase;
			buildActionMask = 2147483647;
			files = (
			);
			runOnlyForDeploymentPostprocessing = 0;
		};
		1BACF7E91EE1E36E005FB225 /* Frameworks */ = {
			isa = PBXFrameworksBuildPhase;
			buildActionMask = 2147483647;
			files = (
			);
			runOnlyForDeploymentPostprocessing = 0;
		};
/* End PBXFrameworksBuildPhase section */

/* Begin PBXGroup section */
		1BACF7CF1EE1E36E005FB225 = {
			isa = PBXGroup;
			children = (
				1BACF7FF1EE1E603005FB225 /* SRS */,
				1BACF7EF1EE1E36E005FB225 /* SRSSuperMemo2Tests */,
				1BACF7DA1EE1E36E005FB225 /* SRSSuperMemo2 */,
				1BACF7D91EE1E36E005FB225 /* Products */,
			);
			sourceTree = "<group>";
		};
		1BACF7D91EE1E36E005FB225 /* Products */ = {
			isa = PBXGroup;
			children = (
				1BACF7D81EE1E36E005FB225 /* SRSSuperMemo2.app */,
				1BACF7EC1EE1E36E005FB225 /* SRSSuperMemo2Tests.xctest */,
			);
			name = Products;
			sourceTree = "<group>";
		};
		1BACF7DA1EE1E36E005FB225 /* SRSSuperMemo2 */ = {
			isa = PBXGroup;
			children = (
				1BACF7DB1EE1E36E005FB225 /* AppDelegate.swift */,
				1BACF7DD1EE1E36E005FB225 /* ViewController.swift */,
				1BACF7E21EE1E36E005FB225 /* Assets.xcassets */,
				1BACF7E71EE1E36E005FB225 /* Info.plist */,
			);
			path = SRSSuperMemo2;
			sourceTree = "<group>";
		};
		1BACF7EF1EE1E36E005FB225 /* SRSSuperMemo2Tests */ = {
			isa = PBXGroup;
			children = (
				1BACF7F01EE1E36E005FB225 /* SRSSuperMemo2Tests.swift */,
				1BACF8021EE1F94E005FB225 /* SRSSuperMemo2EasinessFactorTests.swift */,
				1BACF8061EE1F96E005FB225 /* SRSSuperMemo2IntervalTests.swift */,
				1BACF8041EE1F963005FB225 /* SRSSuperMemo2RepetitionTests.swift */,
				1BACF7F21EE1E36E005FB225 /* Info.plist */,
			);
			path = SRSSuperMemo2Tests;
			sourceTree = "<group>";
		};
		1BACF7FF1EE1E603005FB225 /* SRS */ = {
			isa = PBXGroup;
			children = (
				1BACF7FB1EE1E505005FB225 /* SM2Engine.swift */,
				1BACF8111EE2A8A2005FB225 /* SRSGrade.swift */,
				1BACF7FD1EE1E5CC005FB225 /* SRSItemProtocol.swift */,
				1BACF8001EE1E6C7005FB225 /* SRSItem.swift */,
			);
			name = SRS;
			path = SRSSuperMemo2;
			sourceTree = "<group>";
		};
/* End PBXGroup section */

/* Begin PBXNativeTarget section */
		1BACF7D71EE1E36E005FB225 /* SRSSuperMemo2 */ = {
			isa = PBXNativeTarget;
			buildConfigurationList = 1BACF7F51EE1E36E005FB225 /* Build configuration list for PBXNativeTarget "SRSSuperMemo2" */;
			buildPhases = (
				1BACF7D41EE1E36E005FB225 /* Sources */,
				1BACF7D51EE1E36E005FB225 /* Frameworks */,
				1BACF7D61EE1E36E005FB225 /* Resources */,
			);
			buildRules = (
			);
			dependencies = (
			);
			name = SRSSuperMemo2;
			productName = SRSSuperMemo2;
			productReference = 1BACF7D81EE1E36E005FB225 /* SRSSuperMemo2.app */;
			productType = "com.apple.product-type.application";
		};
		1BACF7EB1EE1E36E005FB225 /* SRSSuperMemo2Tests */ = {
			isa = PBXNativeTarget;
			buildConfigurationList = 1BACF7F81EE1E36E005FB225 /* Build configuration list for PBXNativeTarget "SRSSuperMemo2Tests" */;
			buildPhases = (
				1BACF7E81EE1E36E005FB225 /* Sources */,
				1BACF7E91EE1E36E005FB225 /* Frameworks */,
				1BACF7EA1EE1E36E005FB225 /* Resources */,
			);
			buildRules = (
			);
			dependencies = (
				1BACF7EE1EE1E36E005FB225 /* PBXTargetDependency */,
			);
			name = SRSSuperMemo2Tests;
			productName = SRSSuperMemo2Tests;
			productReference = 1BACF7EC1EE1E36E005FB225 /* SRSSuperMemo2Tests.xctest */;
			productType = "com.apple.product-type.bundle.unit-test";
		};
/* End PBXNativeTarget section */

/* Begin PBXProject section */
		1BACF7D01EE1E36E005FB225 /* Project object */ = {
			isa = PBXProject;
			attributes = {
				LastSwiftUpdateCheck = 0830;
				LastUpgradeCheck = 0830;
				ORGANIZATIONNAME = Maddin;
				TargetAttributes = {
					1BACF7D71EE1E36E005FB225 = {
						CreatedOnToolsVersion = 8.3.2;
						ProvisioningStyle = Automatic;
					};
					1BACF7EB1EE1E36E005FB225 = {
						CreatedOnToolsVersion = 8.3.2;
						ProvisioningStyle = Automatic;
						TestTargetID = 1BACF7D71EE1E36E005FB225;
					};
				};
			};
			buildConfigurationList = 1BACF7D31EE1E36E005FB225 /* Build configuration list for PBXProject "SRSSuperMemo2" */;
			compatibilityVersion = "Xcode 3.2";
			developmentRegion = English;
			hasScannedForEncodings = 0;
			knownRegions = (
				en,
				Base,
			);
			mainGroup = 1BACF7CF1EE1E36E005FB225;
			productRefGroup = 1BACF7D91EE1E36E005FB225 /* Products */;
			projectDirPath = "";
			projectRoot = "";
			targets = (
				1BACF7D71EE1E36E005FB225 /* SRSSuperMemo2 */,
				1BACF7EB1EE1E36E005FB225 /* SRSSuperMemo2Tests */,
			);
		};
/* End PBXProject section */

/* Begin PBXResourcesBuildPhase section */
		1BACF7D61EE1E36E005FB225 /* Resources */ = {
			isa = PBXResourcesBuildPhase;
			buildActionMask = 2147483647;
			files = (
				1BACF7E31EE1E36E005FB225 /* Assets.xcassets in Resources */,
			);
			runOnlyForDeploymentPostprocessing = 0;
		};
		1BACF7EA1EE1E36E005FB225 /* Resources */ = {
			isa = PBXResourcesBuildPhase;
			buildActionMask = 2147483647;
			files = (
			);
			runOnlyForDeploymentPostprocessing = 0;
		};
/* End PBXResourcesBuildPhase section */

/* Begin PBXSourcesBuildPhase section */
		1BACF7D41EE1E36E005FB225 /* Sources */ = {
			isa = PBXSourcesBuildPhase;
			buildActionMask = 2147483647;
			files = (
				1BACF8121EE2A8A2005FB225 /* SRSGrade.swift in Sources */,
				1BACF7DE1EE1E36E005FB225 /* ViewController.swift in Sources */,
				1BACF7FE1EE1E5CC005FB225 /* SRSItemProtocol.swift in Sources */,
				1BACF8011EE1E6C7005FB225 /* SRSItem.swift in Sources */,
				1BACF7DC1EE1E36E005FB225 /* AppDelegate.swift in Sources */,
				1BACF7FC1EE1E505005FB225 /* SM2Engine.swift in Sources */,
			);
			runOnlyForDeploymentPostprocessing = 0;
		};
		1BACF7E81EE1E36E005FB225 /* Sources */ = {
			isa = PBXSourcesBuildPhase;
			buildActionMask = 2147483647;
			files = (
				1BACF8071EE1F96E005FB225 /* SRSSuperMemo2IntervalTests.swift in Sources */,
				1BACF7F11EE1E36E005FB225 /* SRSSuperMemo2Tests.swift in Sources */,
				1BACF8031EE1F94E005FB225 /* SRSSuperMemo2EasinessFactorTests.swift in Sources */,
				1BACF8051EE1F963005FB225 /* SRSSuperMemo2RepetitionTests.swift in Sources */,
			);
			runOnlyForDeploymentPostprocessing = 0;
		};
/* End PBXSourcesBuildPhase section */

/* Begin PBXTargetDependency section */
		1BACF7EE1EE1E36E005FB225 /* PBXTargetDependency */ = {
			isa = PBXTargetDependency;
			target = 1BACF7D71EE1E36E005FB225 /* SRSSuperMemo2 */;
			targetProxy = 1BACF7ED1EE1E36E005FB225 /* PBXContainerItemProxy */;
		};
/* End PBXTargetDependency section */

/* Begin XCBuildConfiguration section */
		1BACF7F31EE1E36E005FB225 /* Debug */ = {
			isa = XCBuildConfiguration;
			buildSettings = {
				ALWAYS_SEARCH_USER_PATHS = NO;
				CLANG_ANALYZER_NONNULL = YES;
				CLANG_ANALYZER_NUMBER_OBJECT_CONVERSION = YES_AGGRESSIVE;
				CLANG_CXX_LANGUAGE_STANDARD = "gnu++0x";
				CLANG_CXX_LIBRARY = "libc++";
				CLANG_ENABLE_MODULES = YES;
				CLANG_ENABLE_OBJC_ARC = YES;
				CLANG_WARN_BOOL_CONVERSION = YES;
				CLANG_WARN_CONSTANT_CONVERSION = YES;
				CLANG_WARN_DIRECT_OBJC_ISA_USAGE = YES_ERROR;
				CLANG_WARN_DOCUMENTATION_COMMENTS = YES;
				CLANG_WARN_EMPTY_BODY = YES;
				CLANG_WARN_ENUM_CONVERSION = YES;
				CLANG_WARN_INFINITE_RECURSION = YES;
				CLANG_WARN_INT_CONVERSION = YES;
				CLANG_WARN_OBJC_ROOT_CLASS = YES_ERROR;
				CLANG_WARN_SUSPICIOUS_MOVE = YES;
				CLANG_WARN_UNREACHABLE_CODE = YES;
				CLANG_WARN__DUPLICATE_METHOD_MATCH = YES;
				"CODE_SIGN_IDENTITY[sdk=iphoneos*]" = "iPhone Developer";
				COPY_PHASE_STRIP = NO;
				DEBUG_INFORMATION_FORMAT = dwarf;
				ENABLE_STRICT_OBJC_MSGSEND = YES;
				ENABLE_TESTABILITY = YES;
				GCC_C_LANGUAGE_STANDARD = gnu99;
				GCC_DYNAMIC_NO_PIC = NO;
				GCC_NO_COMMON_BLOCKS = YES;
				GCC_OPTIMIZATION_LEVEL = 0;
				GCC_PREPROCESSOR_DEFINITIONS = (
					"DEBUG=1",
					"$(inherited)",
				);
				GCC_WARN_64_TO_32_BIT_CONVERSION = YES;
				GCC_WARN_ABOUT_RETURN_TYPE = YES_ERROR;
				GCC_WARN_UNDECLARED_SELECTOR = YES;
				GCC_WARN_UNINITIALIZED_AUTOS = YES_AGGRESSIVE;
				GCC_WARN_UNUSED_FUNCTION = YES;
				GCC_WARN_UNUSED_VARIABLE = YES;
				IPHONEOS_DEPLOYMENT_TARGET = 10.3;
				MTL_ENABLE_DEBUG_INFO = YES;
				ONLY_ACTIVE_ARCH = YES;
				SDKROOT = iphoneos;
				SWIFT_ACTIVE_COMPILATION_CONDITIONS = DEBUG;
				SWIFT_OPTIMIZATION_LEVEL = "-Onone";
			};
			name = Debug;
		};
		1BACF7F41EE1E36E005FB225 /* Release */ = {
			isa = XCBuildConfiguration;
			buildSettings = {
				ALWAYS_SEARCH_USER_PATHS = NO;
				CLANG_ANALYZER_NONNULL = YES;
				CLANG_ANALYZER_NUMBER_OBJECT_CONVERSION = YES_AGGRESSIVE;
				CLANG_CXX_LANGUAGE_STANDARD = "gnu++0x";
				CLANG_CXX_LIBRARY = "libc++";
				CLANG_ENABLE_MODULES = YES;
				CLANG_ENABLE_OBJC_ARC = YES;
				CLANG_WARN_BOOL_CONVERSION = YES;
				CLANG_WARN_CONSTANT_CONVERSION = YES;
				CLANG_WARN_DIRECT_OBJC_ISA_USAGE = YES_ERROR;
				CLANG_WARN_DOCUMENTATION_COMMENTS = YES;
				CLANG_WARN_EMPTY_BODY = YES;
				CLANG_WARN_ENUM_CONVERSION = YES;
				CLANG_WARN_INFINITE_RECURSION = YES;
				CLANG_WARN_INT_CONVERSION = YES;
				CLANG_WARN_OBJC_ROOT_CLASS = YES_ERROR;
				CLANG_WARN_SUSPICIOUS_MOVE = YES;
				CLANG_WARN_UNREACHABLE_CODE = YES;
				CLANG_WARN__DUPLICATE_METHOD_MATCH = YES;
				"CODE_SIGN_IDENTITY[sdk=iphoneos*]" = "iPhone Developer";
				COPY_PHASE_STRIP = NO;
				DEBUG_INFORMATION_FORMAT = "dwarf-with-dsym";
				ENABLE_NS_ASSERTIONS = NO;
				ENABLE_STRICT_OBJC_MSGSEND = YES;
				GCC_C_LANGUAGE_STANDARD = gnu99;
				GCC_NO_COMMON_BLOCKS = YES;
				GCC_WARN_64_TO_32_BIT_CONVERSION = YES;
				GCC_WARN_ABOUT_RETURN_TYPE = YES_ERROR;
				GCC_WARN_UNDECLARED_SELECTOR = YES;
				GCC_WARN_UNINITIALIZED_AUTOS = YES_AGGRESSIVE;
				GCC_WARN_UNUSED_FUNCTION = YES;
				GCC_WARN_UNUSED_VARIABLE = YES;
				IPHONEOS_DEPLOYMENT_TARGET = 10.3;
				MTL_ENABLE_DEBUG_INFO = NO;
				SDKROOT = iphoneos;
				SWIFT_OPTIMIZATION_LEVEL = "-Owholemodule";
				VALIDATE_PRODUCT = YES;
			};
			name = Release;
		};
		1BACF7F61EE1E36E005FB225 /* Debug */ = {
			isa = XCBuildConfiguration;
			buildSettings = {
				ASSETCATALOG_COMPILER_APPICON_NAME = AppIcon;
				INFOPLIST_FILE = SRSSuperMemo2/Info.plist;
				LD_RUNPATH_SEARCH_PATHS = "$(inherited) @executable_path/Frameworks";
				PRODUCT_BUNDLE_IDENTIFIER = io.maddin.SRSSuperMemo2;
				PRODUCT_NAME = "$(TARGET_NAME)";
				SWIFT_VERSION = 3.0;
			};
			name = Debug;
		};
		1BACF7F71EE1E36E005FB225 /* Release */ = {
			isa = XCBuildConfiguration;
			buildSettings = {
				ASSETCATALOG_COMPILER_APPICON_NAME = AppIcon;
				INFOPLIST_FILE = SRSSuperMemo2/Info.plist;
				LD_RUNPATH_SEARCH_PATHS = "$(inherited) @executable_path/Frameworks";
				PRODUCT_BUNDLE_IDENTIFIER = io.maddin.SRSSuperMemo2;
				PRODUCT_NAME = "$(TARGET_NAME)";
				SWIFT_VERSION = 3.0;
			};
			name = Release;
		};
		1BACF7F91EE1E36E005FB225 /* Debug */ = {
			isa = XCBuildConfiguration;
			buildSettings = {
				ALWAYS_EMBED_SWIFT_STANDARD_LIBRARIES = YES;
				BUNDLE_LOADER = "$(TEST_HOST)";
				INFOPLIST_FILE = SRSSuperMemo2Tests/Info.plist;
				LD_RUNPATH_SEARCH_PATHS = "$(inherited) @executable_path/Frameworks @loader_path/Frameworks";
				PRODUCT_BUNDLE_IDENTIFIER = io.maddin.SRSSuperMemo2Tests;
				PRODUCT_NAME = "$(TARGET_NAME)";
				SWIFT_VERSION = 3.0;
				TEST_HOST = "$(BUILT_PRODUCTS_DIR)/SRSSuperMemo2.app/SRSSuperMemo2";
			};
			name = Debug;
		};
		1BACF7FA1EE1E36E005FB225 /* Release */ = {
			isa = XCBuildConfiguration;
			buildSettings = {
				ALWAYS_EMBED_SWIFT_STANDARD_LIBRARIES = YES;
				BUNDLE_LOADER = "$(TEST_HOST)";
				INFOPLIST_FILE = SRSSuperMemo2Tests/Info.plist;
				LD_RUNPATH_SEARCH_PATHS = "$(inherited) @executable_path/Frameworks @loader_path/Frameworks";
				PRODUCT_BUNDLE_IDENTIFIER = io.maddin.SRSSuperMemo2Tests;
				PRODUCT_NAME = "$(TARGET_NAME)";
				SWIFT_VERSION = 3.0;
				TEST_HOST = "$(BUILT_PRODUCTS_DIR)/SRSSuperMemo2.app/SRSSuperMemo2";
			};
			name = Release;
		};
/* End XCBuildConfiguration section */

/* Begin XCConfigurationList section */
		1BACF7D31EE1E36E005FB225 /* Build configuration list for PBXProject "SRSSuperMemo2" */ = {
			isa = XCConfigurationList;
			buildConfigurations = (
				1BACF7F31EE1E36E005FB225 /* Debug */,
				1BACF7F41EE1E36E005FB225 /* Release */,
			);
			defaultConfigurationIsVisible = 0;
			defaultConfigurationName = Release;
		};
		1BACF7F51EE1E36E005FB225 /* Build configuration list for PBXNativeTarget "SRSSuperMemo2" */ = {
			isa = XCConfigurationList;
			buildConfigurations = (
				1BACF7F61EE1E36E005FB225 /* Debug */,
				1BACF7F71EE1E36E005FB225 /* Release */,
			);
			defaultConfigurationIsVisible = 0;
		};
		1BACF7F81EE1E36E005FB225 /* Build configuration list for PBXNativeTarget "SRSSuperMemo2Tests" */ = {
			isa = XCConfigurationList;
			buildConfigurations = (
				1BACF7F91EE1E36E005FB225 /* Debug */,
				1BACF7FA1EE1E36E005FB225 /* Release */,
			);
			defaultConfigurationIsVisible = 0;
		};
/* End XCConfigurationList section */
	};
	rootObject = 1BACF7D01EE1E36E005FB225 /* Project object */;
}
